
Microsoft Visual Studio Solution File, Format Version 12.00
# Visual Studio Version 16
VisualStudioVersion = 16.0.29326.143
MinimumVisualStudioVersion = 10.0.40219.1
Project("{FAE04EC0-301F-11D3-BF4B-00C04F79EFBC}") = "demo", "demo\demo.csproj", "{95409525-1872-486E-BAC8-35A6A0D99D2B}"
EndProject
Global
	GlobalSection(SolutionConfigurationPlatforms) = preSolution
		Debug|Any CPU = Debug|Any CPU
		Release|Any CPU = Release|Any CPU
	EndGlobalSection
	GlobalSection(ProjectConfigurationPlatforms) = postSolution
		{95409525-1872-486E-BAC8-35A6A0D99D2B}.Debug|Any CPU.ActiveCfg = Debug|Any CPU
		{95409525-1872-486E-BAC8-35A6A0D99D2B}.Debug|Any CPU.Build.0 = Debug|Any CPU
		{95409525-1872-486E-BAC8-35A6A0D99D2B}.Release|Any CPU.ActiveCfg = Release|Any CPU
		{95409525-1872-486E-BAC8-35A6A0D99D2B}.Release|Any CPU.Build.0 = Release|Any CPU
	EndGlobalSection
	GlobalSection(SolutionProperties) = preSolution
		HideSolutionNode = FALSE
	EndGlobalSection
	GlobalSection(ExtensibilityGlobals) = postSolution
		SolutionGuid = {6E415769-18C2-4A23-9F08-99F27146CE9F}
	EndGlobalSection
EndGlobal
